// !$*UTF8*$!
{
	archiveVersion = 1;
	classes = {
	};
	objectVersion = 56;
	objects = {

/* Begin PBXBuildFile section */
		7922CC672AA4C8C100627D98 /* AuthViewController.swift in Sources */ = {isa = PBXBuildFile; fileRef = 7922CC662AA4C8C100627D98 /* AuthViewController.swift */; };
		7922CC692AA4C93000627D98 /* WebViewViewController.swift in Sources */ = {isa = PBXBuildFile; fileRef = 7922CC682AA4C93000627D98 /* WebViewViewController.swift */; };
		792B7B2A2A88065E000AF75A /* BaseUIViewController.swift in Sources */ = {isa = PBXBuildFile; fileRef = 792B7B292A88065E000AF75A /* BaseUIViewController.swift */; };
		792B7B2C2A880730000AF75A /* ProfileViewController.swift in Sources */ = {isa = PBXBuildFile; fileRef = 792B7B2B2A880730000AF75A /* ProfileViewController.swift */; };
		792B7B2E2A88EE25000AF75A /* SingleImageViewController.swift in Sources */ = {isa = PBXBuildFile; fileRef = 792B7B2D2A88EE25000AF75A /* SingleImageViewController.swift */; };
		792B7B302A88FE7F000AF75A /* NavigationController.swift in Sources */ = {isa = PBXBuildFile; fileRef = 792B7B2F2A88FE7F000AF75A /* NavigationController.swift */; };
		79797FB92AC0BE0100666573 /* NetworkClientImpl.swift in Sources */ = {isa = PBXBuildFile; fileRef = 79797FB82AC0BE0100666573 /* NetworkClientImpl.swift */; };
		79797FC02AC0BFB200666573 /* AuthStorage.swift in Sources */ = {isa = PBXBuildFile; fileRef = 79797FBF2AC0BFB200666573 /* AuthStorage.swift */; };
		79797FC32AC0C00700666573 /* AuthData.swift in Sources */ = {isa = PBXBuildFile; fileRef = 79797FC22AC0C00700666573 /* AuthData.swift */; };
		79797FC52AC0C0AC00666573 /* UserDeafaultsAuthStorage.swift in Sources */ = {isa = PBXBuildFile; fileRef = 79797FC42AC0C0AC00666573 /* UserDeafaultsAuthStorage.swift */; };
		79797FC72AC0C11200666573 /* Data+Extensions.swift in Sources */ = {isa = PBXBuildFile; fileRef = 79797FC62AC0C11200666573 /* Data+Extensions.swift */; };
		79797FC92AC0C19F00666573 /* UnsplashOAuthData.swift in Sources */ = {isa = PBXBuildFile; fileRef = 79797FC82AC0C19F00666573 /* UnsplashOAuthData.swift */; };
		79797FCB2AC0C32200666573 /* AuthGateway.swift in Sources */ = {isa = PBXBuildFile; fileRef = 79797FCA2AC0C32200666573 /* AuthGateway.swift */; };
		79797FCD2AC0C39900666573 /* UnsplashAuthGateway.swift in Sources */ = {isa = PBXBuildFile; fileRef = 79797FCC2AC0C39900666573 /* UnsplashAuthGateway.swift */; };
		79797FDE2AC0C9EC00666573 /* AlertAction.swift in Sources */ = {isa = PBXBuildFile; fileRef = 79797FD22AC0C9EC00666573 /* AlertAction.swift */; };
		79797FDF2AC0C9EC00666573 /* AlertPresenterImpl.swift in Sources */ = {isa = PBXBuildFile; fileRef = 79797FD32AC0C9EC00666573 /* AlertPresenterImpl.swift */; };
		79797FE02AC0C9EC00666573 /* AlertPresenter.swift in Sources */ = {isa = PBXBuildFile; fileRef = 79797FD42AC0C9EC00666573 /* AlertPresenter.swift */; };
		79797FE12AC0C9EC00666573 /* AlertDto.swift in Sources */ = {isa = PBXBuildFile; fileRef = 79797FD52AC0C9EC00666573 /* AlertDto.swift */; };
		79797FE32AC0C9EC00666573 /* ErrorAlertDto.swift in Sources */ = {isa = PBXBuildFile; fileRef = 79797FD72AC0C9EC00666573 /* ErrorAlertDto.swift */; };
		79797FE92AC0D00F00666573 /* SplashViewController.swift in Sources */ = {isa = PBXBuildFile; fileRef = 79797FE82AC0D00F00666573 /* SplashViewController.swift */; };
		797E19332A75A56700A3E18F /* ImagesListCell.swift in Sources */ = {isa = PBXBuildFile; fileRef = 797E19322A75A56700A3E18F /* ImagesListCell.swift */; };
		798681752A769B1400EB471C /* Date+Extensions.swift in Sources */ = {isa = PBXBuildFile; fileRef = 798681742A769B1400EB471C /* Date+Extensions.swift */; };
		7986817A2A76B3A400EB471C /* ImageFeedModel.swift in Sources */ = {isa = PBXBuildFile; fileRef = 798681792A76B3A400EB471C /* ImageFeedModel.swift */; };
		7986817C2A76B79D00EB471C /* ImageCellModel.swift in Sources */ = {isa = PBXBuildFile; fileRef = 7986817B2A76B79D00EB471C /* ImageCellModel.swift */; };
		7986817E2A76B7E500EB471C /* Constants.swift in Sources */ = {isa = PBXBuildFile; fileRef = 7986817D2A76B7E500EB471C /* Constants.swift */; };
		798A49DE2A9BCD5400725D9C /* ProfileUIView.swift in Sources */ = {isa = PBXBuildFile; fileRef = 798A49DD2A9BCD5400725D9C /* ProfileUIView.swift */; };
		798A49E02A9BD0AD00725D9C /* UIImage+Extensions.swift in Sources */ = {isa = PBXBuildFile; fileRef = 798A49DF2A9BD0AD00725D9C /* UIImage+Extensions.swift */; };
		79AECB062AC88BC0009AA84B /* ProgressHUD in Frameworks */ = {isa = PBXBuildFile; productRef = 79AECB052AC88BC0009AA84B /* ProgressHUD */; };
		79AECB082AC8AC13009AA84B /* UIBlockingProgressHUD.swift in Sources */ = {isa = PBXBuildFile; fileRef = 79AECB072AC8AC13009AA84B /* UIBlockingProgressHUD.swift */; };
		79F5DD4D2A750172000224F2 /* AppDelegate.swift in Sources */ = {isa = PBXBuildFile; fileRef = 79F5DD4C2A750172000224F2 /* AppDelegate.swift */; };
		79F5DD4F2A750172000224F2 /* SceneDelegate.swift in Sources */ = {isa = PBXBuildFile; fileRef = 79F5DD4E2A750172000224F2 /* SceneDelegate.swift */; };
		79F5DD512A750172000224F2 /* ImagesListViewController.swift in Sources */ = {isa = PBXBuildFile; fileRef = 79F5DD502A750172000224F2 /* ImagesListViewController.swift */; };
		79F5DD542A750172000224F2 /* Main.storyboard in Resources */ = {isa = PBXBuildFile; fileRef = 79F5DD522A750172000224F2 /* Main.storyboard */; };
		79F5DD562A750173000224F2 /* Assets.xcassets in Resources */ = {isa = PBXBuildFile; fileRef = 79F5DD552A750173000224F2 /* Assets.xcassets */; };
		79F5DD592A750173000224F2 /* LaunchScreen.storyboard in Resources */ = {isa = PBXBuildFile; fileRef = 79F5DD572A750173000224F2 /* LaunchScreen.storyboard */; };
		79F5DD642A750173000224F2 /* ImageFeedTests.swift in Sources */ = {isa = PBXBuildFile; fileRef = 79F5DD632A750173000224F2 /* ImageFeedTests.swift */; };
		79F5DD6E2A750173000224F2 /* ImageFeedUITests.swift in Sources */ = {isa = PBXBuildFile; fileRef = 79F5DD6D2A750173000224F2 /* ImageFeedUITests.swift */; };
		79F5DD702A750173000224F2 /* ImageFeedUITestsLaunchTests.swift in Sources */ = {isa = PBXBuildFile; fileRef = 79F5DD6F2A750173000224F2 /* ImageFeedUITestsLaunchTests.swift */; };
		79F745B02A7EE9E000AED431 /* UIView+Extensions.swift in Sources */ = {isa = PBXBuildFile; fileRef = 79F745AF2A7EE9E000AED431 /* UIView+Extensions.swift */; };
		79F745B22A7EEB1400AED431 /* UIColor+Extensions.swift in Sources */ = {isa = PBXBuildFile; fileRef = 79F745B12A7EEB1400AED431 /* UIColor+Extensions.swift */; };
/* End PBXBuildFile section */

/* Begin PBXContainerItemProxy section */
		79F5DD602A750173000224F2 /* PBXContainerItemProxy */ = {
			isa = PBXContainerItemProxy;
			containerPortal = 79F5DD412A750172000224F2 /* Project object */;
			proxyType = 1;
			remoteGlobalIDString = 79F5DD482A750172000224F2;
			remoteInfo = ImageFeed;
		};
		79F5DD6A2A750173000224F2 /* PBXContainerItemProxy */ = {
			isa = PBXContainerItemProxy;
			containerPortal = 79F5DD412A750172000224F2 /* Project object */;
			proxyType = 1;
			remoteGlobalIDString = 79F5DD482A750172000224F2;
			remoteInfo = ImageFeed;
		};
/* End PBXContainerItemProxy section */

/* Begin PBXFileReference section */
		7922CC662AA4C8C100627D98 /* AuthViewController.swift */ = {isa = PBXFileReference; lastKnownFileType = sourcecode.swift; path = AuthViewController.swift; sourceTree = "<group>"; };
		7922CC682AA4C93000627D98 /* WebViewViewController.swift */ = {isa = PBXFileReference; lastKnownFileType = sourcecode.swift; path = WebViewViewController.swift; sourceTree = "<group>"; };
		792B7B292A88065E000AF75A /* BaseUIViewController.swift */ = {isa = PBXFileReference; lastKnownFileType = sourcecode.swift; path = BaseUIViewController.swift; sourceTree = "<group>"; };
		792B7B2B2A880730000AF75A /* ProfileViewController.swift */ = {isa = PBXFileReference; lastKnownFileType = sourcecode.swift; path = ProfileViewController.swift; sourceTree = "<group>"; };
		792B7B2D2A88EE25000AF75A /* SingleImageViewController.swift */ = {isa = PBXFileReference; lastKnownFileType = sourcecode.swift; path = SingleImageViewController.swift; sourceTree = "<group>"; };
		792B7B2F2A88FE7F000AF75A /* NavigationController.swift */ = {isa = PBXFileReference; lastKnownFileType = sourcecode.swift; path = NavigationController.swift; sourceTree = "<group>"; };
		79797FB82AC0BE0100666573 /* NetworkClientImpl.swift */ = {isa = PBXFileReference; lastKnownFileType = sourcecode.swift; path = NetworkClientImpl.swift; sourceTree = "<group>"; };
		79797FBF2AC0BFB200666573 /* AuthStorage.swift */ = {isa = PBXFileReference; lastKnownFileType = sourcecode.swift; path = AuthStorage.swift; sourceTree = "<group>"; };
		79797FC22AC0C00700666573 /* AuthData.swift */ = {isa = PBXFileReference; lastKnownFileType = sourcecode.swift; path = AuthData.swift; sourceTree = "<group>"; };
		79797FC42AC0C0AC00666573 /* UserDeafaultsAuthStorage.swift */ = {isa = PBXFileReference; lastKnownFileType = sourcecode.swift; path = UserDeafaultsAuthStorage.swift; sourceTree = "<group>"; };
		79797FC62AC0C11200666573 /* Data+Extensions.swift */ = {isa = PBXFileReference; lastKnownFileType = sourcecode.swift; path = "Data+Extensions.swift"; sourceTree = "<group>"; };
		79797FC82AC0C19F00666573 /* UnsplashOAuthData.swift */ = {isa = PBXFileReference; lastKnownFileType = sourcecode.swift; path = UnsplashOAuthData.swift; sourceTree = "<group>"; };
		79797FCA2AC0C32200666573 /* AuthGateway.swift */ = {isa = PBXFileReference; lastKnownFileType = sourcecode.swift; path = AuthGateway.swift; sourceTree = "<group>"; };
		79797FCC2AC0C39900666573 /* UnsplashAuthGateway.swift */ = {isa = PBXFileReference; lastKnownFileType = sourcecode.swift; path = UnsplashAuthGateway.swift; sourceTree = "<group>"; };
		79797FD22AC0C9EC00666573 /* AlertAction.swift */ = {isa = PBXFileReference; fileEncoding = 4; lastKnownFileType = sourcecode.swift; path = AlertAction.swift; sourceTree = "<group>"; };
		79797FD32AC0C9EC00666573 /* AlertPresenterImpl.swift */ = {isa = PBXFileReference; fileEncoding = 4; lastKnownFileType = sourcecode.swift; path = AlertPresenterImpl.swift; sourceTree = "<group>"; };
		79797FD42AC0C9EC00666573 /* AlertPresenter.swift */ = {isa = PBXFileReference; fileEncoding = 4; lastKnownFileType = sourcecode.swift; path = AlertPresenter.swift; sourceTree = "<group>"; };
		79797FD52AC0C9EC00666573 /* AlertDto.swift */ = {isa = PBXFileReference; fileEncoding = 4; lastKnownFileType = sourcecode.swift; path = AlertDto.swift; sourceTree = "<group>"; };
		79797FD72AC0C9EC00666573 /* ErrorAlertDto.swift */ = {isa = PBXFileReference; fileEncoding = 4; lastKnownFileType = sourcecode.swift; path = ErrorAlertDto.swift; sourceTree = "<group>"; };
		79797FE82AC0D00F00666573 /* SplashViewController.swift */ = {isa = PBXFileReference; lastKnownFileType = sourcecode.swift; path = SplashViewController.swift; sourceTree = "<group>"; };
		797E19322A75A56700A3E18F /* ImagesListCell.swift */ = {isa = PBXFileReference; lastKnownFileType = sourcecode.swift; path = ImagesListCell.swift; sourceTree = "<group>"; };
		798681742A769B1400EB471C /* Date+Extensions.swift */ = {isa = PBXFileReference; lastKnownFileType = sourcecode.swift; path = "Date+Extensions.swift"; sourceTree = "<group>"; };
		798681792A76B3A400EB471C /* ImageFeedModel.swift */ = {isa = PBXFileReference; lastKnownFileType = sourcecode.swift; path = ImageFeedModel.swift; sourceTree = "<group>"; };
		7986817B2A76B79D00EB471C /* ImageCellModel.swift */ = {isa = PBXFileReference; lastKnownFileType = sourcecode.swift; path = ImageCellModel.swift; sourceTree = "<group>"; };
		7986817D2A76B7E500EB471C /* Constants.swift */ = {isa = PBXFileReference; lastKnownFileType = sourcecode.swift; path = Constants.swift; sourceTree = "<group>"; };
		798A49DD2A9BCD5400725D9C /* ProfileUIView.swift */ = {isa = PBXFileReference; lastKnownFileType = sourcecode.swift; path = ProfileUIView.swift; sourceTree = "<group>"; };
		798A49DF2A9BD0AD00725D9C /* UIImage+Extensions.swift */ = {isa = PBXFileReference; lastKnownFileType = sourcecode.swift; path = "UIImage+Extensions.swift"; sourceTree = "<group>"; };
		79AECB072AC8AC13009AA84B /* UIBlockingProgressHUD.swift */ = {isa = PBXFileReference; lastKnownFileType = sourcecode.swift; path = UIBlockingProgressHUD.swift; sourceTree = "<group>"; };
		79F5DD492A750172000224F2 /* ImageFeed.app */ = {isa = PBXFileReference; explicitFileType = wrapper.application; includeInIndex = 0; path = ImageFeed.app; sourceTree = BUILT_PRODUCTS_DIR; };
		79F5DD4C2A750172000224F2 /* AppDelegate.swift */ = {isa = PBXFileReference; lastKnownFileType = sourcecode.swift; path = AppDelegate.swift; sourceTree = "<group>"; };
		79F5DD4E2A750172000224F2 /* SceneDelegate.swift */ = {isa = PBXFileReference; lastKnownFileType = sourcecode.swift; path = SceneDelegate.swift; sourceTree = "<group>"; };
		79F5DD502A750172000224F2 /* ImagesListViewController.swift */ = {isa = PBXFileReference; lastKnownFileType = sourcecode.swift; path = ImagesListViewController.swift; sourceTree = "<group>"; };
		79F5DD532A750172000224F2 /* Base */ = {isa = PBXFileReference; lastKnownFileType = file.storyboard; name = Base; path = Base.lproj/Main.storyboard; sourceTree = "<group>"; };
		79F5DD552A750173000224F2 /* Assets.xcassets */ = {isa = PBXFileReference; lastKnownFileType = folder.assetcatalog; path = Assets.xcassets; sourceTree = "<group>"; };
		79F5DD582A750173000224F2 /* Base */ = {isa = PBXFileReference; lastKnownFileType = file.storyboard; name = Base; path = Base.lproj/LaunchScreen.storyboard; sourceTree = "<group>"; };
		79F5DD5A2A750173000224F2 /* Info.plist */ = {isa = PBXFileReference; lastKnownFileType = text.plist.xml; path = Info.plist; sourceTree = "<group>"; };
		79F5DD5F2A750173000224F2 /* ImageFeedTests.xctest */ = {isa = PBXFileReference; explicitFileType = wrapper.cfbundle; includeInIndex = 0; path = ImageFeedTests.xctest; sourceTree = BUILT_PRODUCTS_DIR; };
		79F5DD632A750173000224F2 /* ImageFeedTests.swift */ = {isa = PBXFileReference; lastKnownFileType = sourcecode.swift; path = ImageFeedTests.swift; sourceTree = "<group>"; };
		79F5DD692A750173000224F2 /* ImageFeedUITests.xctest */ = {isa = PBXFileReference; explicitFileType = wrapper.cfbundle; includeInIndex = 0; path = ImageFeedUITests.xctest; sourceTree = BUILT_PRODUCTS_DIR; };
		79F5DD6D2A750173000224F2 /* ImageFeedUITests.swift */ = {isa = PBXFileReference; lastKnownFileType = sourcecode.swift; path = ImageFeedUITests.swift; sourceTree = "<group>"; };
		79F5DD6F2A750173000224F2 /* ImageFeedUITestsLaunchTests.swift */ = {isa = PBXFileReference; lastKnownFileType = sourcecode.swift; path = ImageFeedUITestsLaunchTests.swift; sourceTree = "<group>"; };
		79F745AF2A7EE9E000AED431 /* UIView+Extensions.swift */ = {isa = PBXFileReference; lastKnownFileType = sourcecode.swift; path = "UIView+Extensions.swift"; sourceTree = "<group>"; };
		79F745B12A7EEB1400AED431 /* UIColor+Extensions.swift */ = {isa = PBXFileReference; lastKnownFileType = sourcecode.swift; path = "UIColor+Extensions.swift"; sourceTree = "<group>"; };
/* End PBXFileReference section */

/* Begin PBXFrameworksBuildPhase section */
		79F5DD462A750172000224F2 /* Frameworks */ = {
			isa = PBXFrameworksBuildPhase;
			buildActionMask = 2147483647;
			files = (
				79AECB062AC88BC0009AA84B /* ProgressHUD in Frameworks */,
			);
			runOnlyForDeploymentPostprocessing = 0;
		};
		79F5DD5C2A750173000224F2 /* Frameworks */ = {
			isa = PBXFrameworksBuildPhase;
			buildActionMask = 2147483647;
			files = (
			);
			runOnlyForDeploymentPostprocessing = 0;
		};
		79F5DD662A750173000224F2 /* Frameworks */ = {
			isa = PBXFrameworksBuildPhase;
			buildActionMask = 2147483647;
			files = (
			);
			runOnlyForDeploymentPostprocessing = 0;
		};
/* End PBXFrameworksBuildPhase section */

/* Begin PBXGroup section */
		79797FBA2AC0BE5800666573 /* Auth */ = {
			isa = PBXGroup;
			children = (
				7922CC682AA4C93000627D98 /* WebViewViewController.swift */,
				7922CC662AA4C8C100627D98 /* AuthViewController.swift */,
			);
			path = Auth;
			sourceTree = "<group>";
		};
		79797FBB2AC0BEA000666573 /* Profile */ = {
			isa = PBXGroup;
			children = (
				798A49DD2A9BCD5400725D9C /* ProfileUIView.swift */,
				792B7B2B2A880730000AF75A /* ProfileViewController.swift */,
			);
			path = Profile;
			sourceTree = "<group>";
		};
		79797FBC2AC0BEC800666573 /* Gallery */ = {
			isa = PBXGroup;
			children = (
				79F5DD502A750172000224F2 /* ImagesListViewController.swift */,
				797E19322A75A56700A3E18F /* ImagesListCell.swift */,
				792B7B2D2A88EE25000AF75A /* SingleImageViewController.swift */,
			);
			path = Gallery;
			sourceTree = "<group>";
		};
		79797FBD2AC0BF2B00666573 /* Gateways */ = {
			isa = PBXGroup;
			children = (
				79797FCA2AC0C32200666573 /* AuthGateway.swift */,
				79797FCC2AC0C39900666573 /* UnsplashAuthGateway.swift */,
			);
			path = Gateways;
			sourceTree = "<group>";
		};
		79797FBE2AC0BF4000666573 /* Storages */ = {
			isa = PBXGroup;
			children = (
				79797FBF2AC0BFB200666573 /* AuthStorage.swift */,
				79797FC42AC0C0AC00666573 /* UserDeafaultsAuthStorage.swift */,
			);
			path = Storages;
			sourceTree = "<group>";
		};
		79797FC12AC0BFCE00666573 /* Entities */ = {
			isa = PBXGroup;
			children = (
				7986817B2A76B79D00EB471C /* ImageCellModel.swift */,
				79797FC22AC0C00700666573 /* AuthData.swift */,
				79797FC82AC0C19F00666573 /* UnsplashOAuthData.swift */,
			);
			path = Entities;
			sourceTree = "<group>";
		};
		79797FD12AC0C9EC00666573 /* AlertPresenter */ = {
			isa = PBXGroup;
			children = (
				79797FD22AC0C9EC00666573 /* AlertAction.swift */,
				79797FD52AC0C9EC00666573 /* AlertDto.swift */,
				79797FD32AC0C9EC00666573 /* AlertPresenterImpl.swift */,
				79797FD42AC0C9EC00666573 /* AlertPresenter.swift */,
				79797FD72AC0C9EC00666573 /* ErrorAlertDto.swift */,
			);
			path = AlertPresenter;
			sourceTree = "<group>";
		};
		79797FE72AC0CFFA00666573 /* Splash */ = {
			isa = PBXGroup;
			children = (
				79797FE82AC0D00F00666573 /* SplashViewController.swift */,
			);
			path = Splash;
			sourceTree = "<group>";
		};
		798681732A769AF100EB471C /* Helpers */ = {
			isa = PBXGroup;
			children = (
				798681742A769B1400EB471C /* Date+Extensions.swift */,
				79F745AF2A7EE9E000AED431 /* UIView+Extensions.swift */,
				79F745B12A7EEB1400AED431 /* UIColor+Extensions.swift */,
				792B7B292A88065E000AF75A /* BaseUIViewController.swift */,
				798A49DF2A9BD0AD00725D9C /* UIImage+Extensions.swift */,
				79797FB82AC0BE0100666573 /* NetworkClientImpl.swift */,
				79797FC62AC0C11200666573 /* Data+Extensions.swift */,
			);
			path = Helpers;
			sourceTree = "<group>";
		};
		798681762A76B30900EB471C /* Presentation */ = {
			isa = PBXGroup;
			children = (
				79797FE72AC0CFFA00666573 /* Splash */,
				79797FD12AC0C9EC00666573 /* AlertPresenter */,
				79797FBC2AC0BEC800666573 /* Gallery */,
				79797FBB2AC0BEA000666573 /* Profile */,
				79797FBA2AC0BE5800666573 /* Auth */,
				79F5DD522A750172000224F2 /* Main.storyboard */,
				792B7B2F2A88FE7F000AF75A /* NavigationController.swift */,
				79AECB072AC8AC13009AA84B /* UIBlockingProgressHUD.swift */,
			);
			path = Presentation;
			sourceTree = "<group>";
		};
		798681772A76B34500EB471C /* Resources */ = {
			isa = PBXGroup;
			children = (
				79F5DD5A2A750173000224F2 /* Info.plist */,
				79F5DD552A750173000224F2 /* Assets.xcassets */,
				79F5DD572A750173000224F2 /* LaunchScreen.storyboard */,
				7986817D2A76B7E500EB471C /* Constants.swift */,
			);
			path = Resources;
			sourceTree = "<group>";
		};
		798681782A76B39100EB471C /* ImageFeedModel */ = {
			isa = PBXGroup;
			children = (
				798681792A76B3A400EB471C /* ImageFeedModel.swift */,
			);
			path = ImageFeedModel;
			sourceTree = "<group>";
		};
		79F5DD402A750172000224F2 = {
			isa = PBXGroup;
			children = (
				79F5DD4B2A750172000224F2 /* ImageFeed */,
				79F5DD622A750173000224F2 /* ImageFeedTests */,
				79F5DD6C2A750173000224F2 /* ImageFeedUITests */,
				79F5DD4A2A750172000224F2 /* Products */,
			);
			sourceTree = "<group>";
		};
		79F5DD4A2A750172000224F2 /* Products */ = {
			isa = PBXGroup;
			children = (
				79F5DD492A750172000224F2 /* ImageFeed.app */,
				79F5DD5F2A750173000224F2 /* ImageFeedTests.xctest */,
				79F5DD692A750173000224F2 /* ImageFeedUITests.xctest */,
			);
			name = Products;
			sourceTree = "<group>";
		};
		79F5DD4B2A750172000224F2 /* ImageFeed */ = {
			isa = PBXGroup;
			children = (
				79797FC12AC0BFCE00666573 /* Entities */,
				79797FBE2AC0BF4000666573 /* Storages */,
				79797FBD2AC0BF2B00666573 /* Gateways */,
				798681782A76B39100EB471C /* ImageFeedModel */,
				798681762A76B30900EB471C /* Presentation */,
				798681732A769AF100EB471C /* Helpers */,
				798681772A76B34500EB471C /* Resources */,
				79F5DD4C2A750172000224F2 /* AppDelegate.swift */,
				79F5DD4E2A750172000224F2 /* SceneDelegate.swift */,
			);
			path = ImageFeed;
			sourceTree = "<group>";
		};
		79F5DD622A750173000224F2 /* ImageFeedTests */ = {
			isa = PBXGroup;
			children = (
				79F5DD632A750173000224F2 /* ImageFeedTests.swift */,
			);
			path = ImageFeedTests;
			sourceTree = "<group>";
		};
		79F5DD6C2A750173000224F2 /* ImageFeedUITests */ = {
			isa = PBXGroup;
			children = (
				79F5DD6D2A750173000224F2 /* ImageFeedUITests.swift */,
				79F5DD6F2A750173000224F2 /* ImageFeedUITestsLaunchTests.swift */,
			);
			path = ImageFeedUITests;
			sourceTree = "<group>";
		};
/* End PBXGroup section */

/* Begin PBXNativeTarget section */
		79F5DD482A750172000224F2 /* ImageFeed */ = {
			isa = PBXNativeTarget;
			buildConfigurationList = 79F5DD732A750173000224F2 /* Build configuration list for PBXNativeTarget "ImageFeed" */;
			buildPhases = (
				797E19312A75502A00A3E18F /* ShellScript */,
				79F5DD452A750172000224F2 /* Sources */,
				79F5DD462A750172000224F2 /* Frameworks */,
				79F5DD472A750172000224F2 /* Resources */,
			);
			buildRules = (
			);
			dependencies = (
			);
			name = ImageFeed;
			packageProductDependencies = (
				79AECB052AC88BC0009AA84B /* ProgressHUD */,
			);
			productName = ImageFeed;
			productReference = 79F5DD492A750172000224F2 /* ImageFeed.app */;
			productType = "com.apple.product-type.application";
		};
		79F5DD5E2A750173000224F2 /* ImageFeedTests */ = {
			isa = PBXNativeTarget;
			buildConfigurationList = 79F5DD762A750173000224F2 /* Build configuration list for PBXNativeTarget "ImageFeedTests" */;
			buildPhases = (
				79F5DD5B2A750173000224F2 /* Sources */,
				79F5DD5C2A750173000224F2 /* Frameworks */,
				79F5DD5D2A750173000224F2 /* Resources */,
			);
			buildRules = (
			);
			dependencies = (
				79F5DD612A750173000224F2 /* PBXTargetDependency */,
			);
			name = ImageFeedTests;
			productName = ImageFeedTests;
			productReference = 79F5DD5F2A750173000224F2 /* ImageFeedTests.xctest */;
			productType = "com.apple.product-type.bundle.unit-test";
		};
		79F5DD682A750173000224F2 /* ImageFeedUITests */ = {
			isa = PBXNativeTarget;
			buildConfigurationList = 79F5DD792A750173000224F2 /* Build configuration list for PBXNativeTarget "ImageFeedUITests" */;
			buildPhases = (
				79F5DD652A750173000224F2 /* Sources */,
				79F5DD662A750173000224F2 /* Frameworks */,
				79F5DD672A750173000224F2 /* Resources */,
			);
			buildRules = (
			);
			dependencies = (
				79F5DD6B2A750173000224F2 /* PBXTargetDependency */,
			);
			name = ImageFeedUITests;
			productName = ImageFeedUITests;
			productReference = 79F5DD692A750173000224F2 /* ImageFeedUITests.xctest */;
			productType = "com.apple.product-type.bundle.ui-testing";
		};
/* End PBXNativeTarget section */

/* Begin PBXProject section */
		79F5DD412A750172000224F2 /* Project object */ = {
			isa = PBXProject;
			attributes = {
				BuildIndependentTargetsInParallel = 1;
				LastSwiftUpdateCheck = 1430;
				LastUpgradeCheck = 1430;
				TargetAttributes = {
					79F5DD482A750172000224F2 = {
						CreatedOnToolsVersion = 14.3.1;
					};
					79F5DD5E2A750173000224F2 = {
						CreatedOnToolsVersion = 14.3.1;
						TestTargetID = 79F5DD482A750172000224F2;
					};
					79F5DD682A750173000224F2 = {
						CreatedOnToolsVersion = 14.3.1;
						TestTargetID = 79F5DD482A750172000224F2;
					};
				};
			};
			buildConfigurationList = 79F5DD442A750172000224F2 /* Build configuration list for PBXProject "ImageFeed" */;
			compatibilityVersion = "Xcode 14.0";
			developmentRegion = en;
			hasScannedForEncodings = 0;
			knownRegions = (
				en,
				Base,
			);
			mainGroup = 79F5DD402A750172000224F2;
			packageReferences = (
				79AECB042AC88BC0009AA84B /* XCRemoteSwiftPackageReference "ProgressHUD" */,
			);
			productRefGroup = 79F5DD4A2A750172000224F2 /* Products */;
			projectDirPath = "";
			projectRoot = "";
			targets = (
				79F5DD482A750172000224F2 /* ImageFeed */,
				79F5DD5E2A750173000224F2 /* ImageFeedTests */,
				79F5DD682A750173000224F2 /* ImageFeedUITests */,
			);
		};
/* End PBXProject section */

/* Begin PBXResourcesBuildPhase section */
		79F5DD472A750172000224F2 /* Resources */ = {
			isa = PBXResourcesBuildPhase;
			buildActionMask = 2147483647;
			files = (
				79F5DD592A750173000224F2 /* LaunchScreen.storyboard in Resources */,
				79F5DD562A750173000224F2 /* Assets.xcassets in Resources */,
				79F5DD542A750172000224F2 /* Main.storyboard in Resources */,
			);
			runOnlyForDeploymentPostprocessing = 0;
		};
		79F5DD5D2A750173000224F2 /* Resources */ = {
			isa = PBXResourcesBuildPhase;
			buildActionMask = 2147483647;
			files = (
			);
			runOnlyForDeploymentPostprocessing = 0;
		};
		79F5DD672A750173000224F2 /* Resources */ = {
			isa = PBXResourcesBuildPhase;
			buildActionMask = 2147483647;
			files = (
			);
			runOnlyForDeploymentPostprocessing = 0;
		};
/* End PBXResourcesBuildPhase section */

/* Begin PBXShellScriptBuildPhase section */
		797E19312A75502A00A3E18F /* ShellScript */ = {
			isa = PBXShellScriptBuildPhase;
			alwaysOutOfDate = 1;
			buildActionMask = 2147483647;
			files = (
			);
			inputFileListPaths = (
			);
			inputPaths = (
			);
			outputFileListPaths = (
			);
			outputPaths = (
			);
			runOnlyForDeploymentPostprocessing = 0;
			shellPath = /bin/sh;
			shellScript = "# Type a script or drag a script file from your workspace to insert its path.\nif [[ \"$(uname -m)\" == arm64 ]]; then\n    export PATH=\"/opt/homebrew/bin:$PATH\"\nfi\n\nif which swiftlint > /dev/null; then\n  swiftlint --fix && swiftlint\nelse\n  echo \"warning: SwiftLint not installed, download from https://github.com/realm/SwiftLint\"\nfi\n";
		};
/* End PBXShellScriptBuildPhase section */

/* Begin PBXSourcesBuildPhase section */
		79F5DD452A750172000224F2 /* Sources */ = {
			isa = PBXSourcesBuildPhase;
			buildActionMask = 2147483647;
			files = (
				79797FDE2AC0C9EC00666573 /* AlertAction.swift in Sources */,
				79F5DD512A750172000224F2 /* ImagesListViewController.swift in Sources */,
				79F745B22A7EEB1400AED431 /* UIColor+Extensions.swift in Sources */,
				7986817A2A76B3A400EB471C /* ImageFeedModel.swift in Sources */,
				792B7B2A2A88065E000AF75A /* BaseUIViewController.swift in Sources */,
				797E19332A75A56700A3E18F /* ImagesListCell.swift in Sources */,
				79797FB92AC0BE0100666573 /* NetworkClientImpl.swift in Sources */,
				792B7B302A88FE7F000AF75A /* NavigationController.swift in Sources */,
				79F745B02A7EE9E000AED431 /* UIView+Extensions.swift in Sources */,
				792B7B2E2A88EE25000AF75A /* SingleImageViewController.swift in Sources */,
				79797FC02AC0BFB200666573 /* AuthStorage.swift in Sources */,
				79797FCD2AC0C39900666573 /* UnsplashAuthGateway.swift in Sources */,
				79797FC52AC0C0AC00666573 /* UserDeafaultsAuthStorage.swift in Sources */,
				79797FC92AC0C19F00666573 /* UnsplashOAuthData.swift in Sources */,
				79797FC32AC0C00700666573 /* AuthData.swift in Sources */,
				792B7B2C2A880730000AF75A /* ProfileViewController.swift in Sources */,
				79797FC72AC0C11200666573 /* Data+Extensions.swift in Sources */,
				7922CC672AA4C8C100627D98 /* AuthViewController.swift in Sources */,
				798A49DE2A9BCD5400725D9C /* ProfileUIView.swift in Sources */,
				79797FE32AC0C9EC00666573 /* ErrorAlertDto.swift in Sources */,
				79AECB082AC8AC13009AA84B /* UIBlockingProgressHUD.swift in Sources */,
				79F5DD4D2A750172000224F2 /* AppDelegate.swift in Sources */,
				798681752A769B1400EB471C /* Date+Extensions.swift in Sources */,
				7986817C2A76B79D00EB471C /* ImageCellModel.swift in Sources */,
				79797FDF2AC0C9EC00666573 /* AlertPresenterImpl.swift in Sources */,
				79F5DD4F2A750172000224F2 /* SceneDelegate.swift in Sources */,
				7986817E2A76B7E500EB471C /* Constants.swift in Sources */,
				7922CC692AA4C93000627D98 /* WebViewViewController.swift in Sources */,
				79797FCB2AC0C32200666573 /* AuthGateway.swift in Sources */,
				798A49E02A9BD0AD00725D9C /* UIImage+Extensions.swift in Sources */,
				79797FE02AC0C9EC00666573 /* AlertPresenter.swift in Sources */,
				79797FE12AC0C9EC00666573 /* AlertDto.swift in Sources */,
				79797FE92AC0D00F00666573 /* SplashViewController.swift in Sources */,
			);
			runOnlyForDeploymentPostprocessing = 0;
		};
		79F5DD5B2A750173000224F2 /* Sources */ = {
			isa = PBXSourcesBuildPhase;
			buildActionMask = 2147483647;
			files = (
				79F5DD642A750173000224F2 /* ImageFeedTests.swift in Sources */,
			);
			runOnlyForDeploymentPostprocessing = 0;
		};
		79F5DD652A750173000224F2 /* Sources */ = {
			isa = PBXSourcesBuildPhase;
			buildActionMask = 2147483647;
			files = (
				79F5DD702A750173000224F2 /* ImageFeedUITestsLaunchTests.swift in Sources */,
				79F5DD6E2A750173000224F2 /* ImageFeedUITests.swift in Sources */,
			);
			runOnlyForDeploymentPostprocessing = 0;
		};
/* End PBXSourcesBuildPhase section */

/* Begin PBXTargetDependency section */
		79F5DD612A750173000224F2 /* PBXTargetDependency */ = {
			isa = PBXTargetDependency;
			target = 79F5DD482A750172000224F2 /* ImageFeed */;
			targetProxy = 79F5DD602A750173000224F2 /* PBXContainerItemProxy */;
		};
		79F5DD6B2A750173000224F2 /* PBXTargetDependency */ = {
			isa = PBXTargetDependency;
			target = 79F5DD482A750172000224F2 /* ImageFeed */;
			targetProxy = 79F5DD6A2A750173000224F2 /* PBXContainerItemProxy */;
		};
/* End PBXTargetDependency section */

/* Begin PBXVariantGroup section */
		79F5DD522A750172000224F2 /* Main.storyboard */ = {
			isa = PBXVariantGroup;
			children = (
				79F5DD532A750172000224F2 /* Base */,
			);
			name = Main.storyboard;
			sourceTree = "<group>";
		};
		79F5DD572A750173000224F2 /* LaunchScreen.storyboard */ = {
			isa = PBXVariantGroup;
			children = (
				79F5DD582A750173000224F2 /* Base */,
			);
			name = LaunchScreen.storyboard;
			sourceTree = "<group>";
		};
/* End PBXVariantGroup section */

/* Begin XCBuildConfiguration section */
		79F5DD712A750173000224F2 /* Debug */ = {
			isa = XCBuildConfiguration;
			buildSettings = {
				ALWAYS_SEARCH_USER_PATHS = NO;
				CLANG_ANALYZER_NONNULL = YES;
				CLANG_ANALYZER_NUMBER_OBJECT_CONVERSION = YES_AGGRESSIVE;
				CLANG_CXX_LANGUAGE_STANDARD = "gnu++20";
				CLANG_ENABLE_MODULES = YES;
				CLANG_ENABLE_OBJC_ARC = YES;
				CLANG_ENABLE_OBJC_WEAK = YES;
				CLANG_WARN_BLOCK_CAPTURE_AUTORELEASING = YES;
				CLANG_WARN_BOOL_CONVERSION = YES;
				CLANG_WARN_COMMA = YES;
				CLANG_WARN_CONSTANT_CONVERSION = YES;
				CLANG_WARN_DEPRECATED_OBJC_IMPLEMENTATIONS = YES;
				CLANG_WARN_DIRECT_OBJC_ISA_USAGE = YES_ERROR;
				CLANG_WARN_DOCUMENTATION_COMMENTS = YES;
				CLANG_WARN_EMPTY_BODY = YES;
				CLANG_WARN_ENUM_CONVERSION = YES;
				CLANG_WARN_INFINITE_RECURSION = YES;
				CLANG_WARN_INT_CONVERSION = YES;
				CLANG_WARN_NON_LITERAL_NULL_CONVERSION = YES;
				CLANG_WARN_OBJC_IMPLICIT_RETAIN_SELF = YES;
				CLANG_WARN_OBJC_LITERAL_CONVERSION = YES;
				CLANG_WARN_OBJC_ROOT_CLASS = YES_ERROR;
				CLANG_WARN_QUOTED_INCLUDE_IN_FRAMEWORK_HEADER = YES;
				CLANG_WARN_RANGE_LOOP_ANALYSIS = YES;
				CLANG_WARN_STRICT_PROTOTYPES = YES;
				CLANG_WARN_SUSPICIOUS_MOVE = YES;
				CLANG_WARN_UNGUARDED_AVAILABILITY = YES_AGGRESSIVE;
				CLANG_WARN_UNREACHABLE_CODE = YES;
				CLANG_WARN__DUPLICATE_METHOD_MATCH = YES;
				COPY_PHASE_STRIP = NO;
				DEBUG_INFORMATION_FORMAT = dwarf;
				ENABLE_STRICT_OBJC_MSGSEND = YES;
				ENABLE_TESTABILITY = YES;
				GCC_C_LANGUAGE_STANDARD = gnu11;
				GCC_DYNAMIC_NO_PIC = NO;
				GCC_NO_COMMON_BLOCKS = YES;
				GCC_OPTIMIZATION_LEVEL = 0;
				GCC_PREPROCESSOR_DEFINITIONS = (
					"DEBUG=1",
					"$(inherited)",
				);
				GCC_WARN_64_TO_32_BIT_CONVERSION = YES;
				GCC_WARN_ABOUT_RETURN_TYPE = YES_ERROR;
				GCC_WARN_UNDECLARED_SELECTOR = YES;
				GCC_WARN_UNINITIALIZED_AUTOS = YES_AGGRESSIVE;
				GCC_WARN_UNUSED_FUNCTION = YES;
				GCC_WARN_UNUSED_VARIABLE = YES;
				IPHONEOS_DEPLOYMENT_TARGET = 16.4;
				MTL_ENABLE_DEBUG_INFO = INCLUDE_SOURCE;
				MTL_FAST_MATH = YES;
				ONLY_ACTIVE_ARCH = YES;
				SDKROOT = iphoneos;
				SWIFT_ACTIVE_COMPILATION_CONDITIONS = DEBUG;
				SWIFT_OPTIMIZATION_LEVEL = "-Onone";
			};
			name = Debug;
		};
		79F5DD722A750173000224F2 /* Release */ = {
			isa = XCBuildConfiguration;
			buildSettings = {
				ALWAYS_SEARCH_USER_PATHS = NO;
				CLANG_ANALYZER_NONNULL = YES;
				CLANG_ANALYZER_NUMBER_OBJECT_CONVERSION = YES_AGGRESSIVE;
				CLANG_CXX_LANGUAGE_STANDARD = "gnu++20";
				CLANG_ENABLE_MODULES = YES;
				CLANG_ENABLE_OBJC_ARC = YES;
				CLANG_ENABLE_OBJC_WEAK = YES;
				CLANG_WARN_BLOCK_CAPTURE_AUTORELEASING = YES;
				CLANG_WARN_BOOL_CONVERSION = YES;
				CLANG_WARN_COMMA = YES;
				CLANG_WARN_CONSTANT_CONVERSION = YES;
				CLANG_WARN_DEPRECATED_OBJC_IMPLEMENTATIONS = YES;
				CLANG_WARN_DIRECT_OBJC_ISA_USAGE = YES_ERROR;
				CLANG_WARN_DOCUMENTATION_COMMENTS = YES;
				CLANG_WARN_EMPTY_BODY = YES;
				CLANG_WARN_ENUM_CONVERSION = YES;
				CLANG_WARN_INFINITE_RECURSION = YES;
				CLANG_WARN_INT_CONVERSION = YES;
				CLANG_WARN_NON_LITERAL_NULL_CONVERSION = YES;
				CLANG_WARN_OBJC_IMPLICIT_RETAIN_SELF = YES;
				CLANG_WARN_OBJC_LITERAL_CONVERSION = YES;
				CLANG_WARN_OBJC_ROOT_CLASS = YES_ERROR;
				CLANG_WARN_QUOTED_INCLUDE_IN_FRAMEWORK_HEADER = YES;
				CLANG_WARN_RANGE_LOOP_ANALYSIS = YES;
				CLANG_WARN_STRICT_PROTOTYPES = YES;
				CLANG_WARN_SUSPICIOUS_MOVE = YES;
				CLANG_WARN_UNGUARDED_AVAILABILITY = YES_AGGRESSIVE;
				CLANG_WARN_UNREACHABLE_CODE = YES;
				CLANG_WARN__DUPLICATE_METHOD_MATCH = YES;
				COPY_PHASE_STRIP = NO;
				DEBUG_INFORMATION_FORMAT = "dwarf-with-dsym";
				ENABLE_NS_ASSERTIONS = NO;
				ENABLE_STRICT_OBJC_MSGSEND = YES;
				GCC_C_LANGUAGE_STANDARD = gnu11;
				GCC_NO_COMMON_BLOCKS = YES;
				GCC_WARN_64_TO_32_BIT_CONVERSION = YES;
				GCC_WARN_ABOUT_RETURN_TYPE = YES_ERROR;
				GCC_WARN_UNDECLARED_SELECTOR = YES;
				GCC_WARN_UNINITIALIZED_AUTOS = YES_AGGRESSIVE;
				GCC_WARN_UNUSED_FUNCTION = YES;
				GCC_WARN_UNUSED_VARIABLE = YES;
				IPHONEOS_DEPLOYMENT_TARGET = 16.4;
				MTL_ENABLE_DEBUG_INFO = NO;
				MTL_FAST_MATH = YES;
				SDKROOT = iphoneos;
				SWIFT_COMPILATION_MODE = wholemodule;
				SWIFT_OPTIMIZATION_LEVEL = "-O";
				VALIDATE_PRODUCT = YES;
			};
			name = Release;
		};
		79F5DD742A750173000224F2 /* Debug */ = {
			isa = XCBuildConfiguration;
			buildSettings = {
				ASSETCATALOG_COMPILER_APPICON_NAME = AppIcon;
				ASSETCATALOG_COMPILER_GLOBAL_ACCENT_COLOR_NAME = AccentColor;
				CODE_SIGN_STYLE = Automatic;
				CURRENT_PROJECT_VERSION = 1;
				DEVELOPMENT_TEAM = V32PFZNAH5;
				GENERATE_INFOPLIST_FILE = YES;
				INFOPLIST_FILE = ImageFeed/Resources/Info.plist;
				INFOPLIST_KEY_UIApplicationSupportsIndirectInputEvents = YES;
				INFOPLIST_KEY_UILaunchStoryboardName = LaunchScreen;
				INFOPLIST_KEY_UIMainStoryboardFile = Main;
				INFOPLIST_KEY_UIStatusBarHidden = YES;
				INFOPLIST_KEY_UIStatusBarStyle = UIStatusBarStyleLightContent;
				INFOPLIST_KEY_UISupportedInterfaceOrientations = UIInterfaceOrientationPortrait;
				INFOPLIST_KEY_UISupportedInterfaceOrientations_iPad = "UIInterfaceOrientationLandscapeLeft UIInterfaceOrientationLandscapeRight UIInterfaceOrientationPortrait";
				IPHONEOS_DEPLOYMENT_TARGET = 13.0;
				LD_RUNPATH_SEARCH_PATHS = (
					"$(inherited)",
					"@executable_path/Frameworks",
				);
				MARKETING_VERSION = 1.0;
				PRODUCT_BUNDLE_IDENTIFIER = ru.dmirain.ImageFeed.ImageFeed;
				PRODUCT_NAME = "$(TARGET_NAME)";
				SUPPORTED_PLATFORMS = "iphoneos iphonesimulator";
				SUPPORTS_MACCATALYST = NO;
				SUPPORTS_MAC_DESIGNED_FOR_IPHONE_IPAD = YES;
				SWIFT_EMIT_LOC_STRINGS = YES;
				SWIFT_VERSION = 5.0;
				TARGETED_DEVICE_FAMILY = 1;
			};
			name = Debug;
		};
		79F5DD752A750173000224F2 /* Release */ = {
			isa = XCBuildConfiguration;
			buildSettings = {
				ASSETCATALOG_COMPILER_APPICON_NAME = AppIcon;
				ASSETCATALOG_COMPILER_GLOBAL_ACCENT_COLOR_NAME = AccentColor;
				CODE_SIGN_STYLE = Automatic;
				CURRENT_PROJECT_VERSION = 1;
				DEVELOPMENT_TEAM = V32PFZNAH5;
				GENERATE_INFOPLIST_FILE = YES;
				INFOPLIST_FILE = ImageFeed/Resources/Info.plist;
				INFOPLIST_KEY_UIApplicationSupportsIndirectInputEvents = YES;
				INFOPLIST_KEY_UILaunchStoryboardName = LaunchScreen;
				INFOPLIST_KEY_UIMainStoryboardFile = Main;
				INFOPLIST_KEY_UIStatusBarHidden = YES;
				INFOPLIST_KEY_UIStatusBarStyle = UIStatusBarStyleLightContent;
				INFOPLIST_KEY_UISupportedInterfaceOrientations = UIInterfaceOrientationPortrait;
				INFOPLIST_KEY_UISupportedInterfaceOrientations_iPad = "UIInterfaceOrientationLandscapeLeft UIInterfaceOrientationLandscapeRight UIInterfaceOrientationPortrait";
				IPHONEOS_DEPLOYMENT_TARGET = 13.0;
				LD_RUNPATH_SEARCH_PATHS = (
					"$(inherited)",
					"@executable_path/Frameworks",
				);
				MARKETING_VERSION = 1.0;
				PRODUCT_BUNDLE_IDENTIFIER = ru.dmirain.ImageFeed.ImageFeed;
				PRODUCT_NAME = "$(TARGET_NAME)";
				SUPPORTED_PLATFORMS = "iphoneos iphonesimulator";
				SUPPORTS_MACCATALYST = NO;
				SUPPORTS_MAC_DESIGNED_FOR_IPHONE_IPAD = YES;
				SWIFT_EMIT_LOC_STRINGS = YES;
				SWIFT_VERSION = 5.0;
				TARGETED_DEVICE_FAMILY = 1;
			};
			name = Release;
		};
		79F5DD772A750173000224F2 /* Debug */ = {
			isa = XCBuildConfiguration;
			buildSettings = {
				ALWAYS_EMBED_SWIFT_STANDARD_LIBRARIES = YES;
				BUNDLE_LOADER = "$(TEST_HOST)";
				CODE_SIGN_STYLE = Automatic;
				CURRENT_PROJECT_VERSION = 1;
				DEVELOPMENT_TEAM = V32PFZNAH5;
				GENERATE_INFOPLIST_FILE = YES;
				IPHONEOS_DEPLOYMENT_TARGET = 16.4;
				MARKETING_VERSION = 1.0;
				PRODUCT_BUNDLE_IDENTIFIER = ru.dmirain.ImageFeed.ImageFeedTests;
				PRODUCT_NAME = "$(TARGET_NAME)";
				SWIFT_EMIT_LOC_STRINGS = NO;
				SWIFT_VERSION = 5.0;
				TARGETED_DEVICE_FAMILY = "1,2";
				TEST_HOST = "$(BUILT_PRODUCTS_DIR)/ImageFeed.app/$(BUNDLE_EXECUTABLE_FOLDER_PATH)/ImageFeed";
			};
			name = Debug;
		};
		79F5DD782A750173000224F2 /* Release */ = {
			isa = XCBuildConfiguration;
			buildSettings = {
				ALWAYS_EMBED_SWIFT_STANDARD_LIBRARIES = YES;
				BUNDLE_LOADER = "$(TEST_HOST)";
				CODE_SIGN_STYLE = Automatic;
				CURRENT_PROJECT_VERSION = 1;
				DEVELOPMENT_TEAM = V32PFZNAH5;
				GENERATE_INFOPLIST_FILE = YES;
				IPHONEOS_DEPLOYMENT_TARGET = 16.4;
				MARKETING_VERSION = 1.0;
				PRODUCT_BUNDLE_IDENTIFIER = ru.dmirain.ImageFeed.ImageFeedTests;
				PRODUCT_NAME = "$(TARGET_NAME)";
				SWIFT_EMIT_LOC_STRINGS = NO;
				SWIFT_VERSION = 5.0;
				TARGETED_DEVICE_FAMILY = "1,2";
				TEST_HOST = "$(BUILT_PRODUCTS_DIR)/ImageFeed.app/$(BUNDLE_EXECUTABLE_FOLDER_PATH)/ImageFeed";
			};
			name = Release;
		};
		79F5DD7A2A750173000224F2 /* Debug */ = {
			isa = XCBuildConfiguration;
			buildSettings = {
				ALWAYS_EMBED_SWIFT_STANDARD_LIBRARIES = YES;
				CODE_SIGN_STYLE = Automatic;
				CURRENT_PROJECT_VERSION = 1;
				DEVELOPMENT_TEAM = V32PFZNAH5;
				GENERATE_INFOPLIST_FILE = YES;
				MARKETING_VERSION = 1.0;
				PRODUCT_BUNDLE_IDENTIFIER = ru.dmirain.ImageFeed.ImageFeedUITests;
				PRODUCT_NAME = "$(TARGET_NAME)";
				SWIFT_EMIT_LOC_STRINGS = NO;
				SWIFT_VERSION = 5.0;
				TARGETED_DEVICE_FAMILY = "1,2";
				TEST_TARGET_NAME = ImageFeed;
			};
			name = Debug;
		};
		79F5DD7B2A750173000224F2 /* Release */ = {
			isa = XCBuildConfiguration;
			buildSettings = {
				ALWAYS_EMBED_SWIFT_STANDARD_LIBRARIES = YES;
				CODE_SIGN_STYLE = Automatic;
				CURRENT_PROJECT_VERSION = 1;
				DEVELOPMENT_TEAM = V32PFZNAH5;
				GENERATE_INFOPLIST_FILE = YES;
				MARKETING_VERSION = 1.0;
				PRODUCT_BUNDLE_IDENTIFIER = ru.dmirain.ImageFeed.ImageFeedUITests;
				PRODUCT_NAME = "$(TARGET_NAME)";
				SWIFT_EMIT_LOC_STRINGS = NO;
				SWIFT_VERSION = 5.0;
				TARGETED_DEVICE_FAMILY = "1,2";
				TEST_TARGET_NAME = ImageFeed;
			};
			name = Release;
		};
/* End XCBuildConfiguration section */

/* Begin XCConfigurationList section */
		79F5DD442A750172000224F2 /* Build configuration list for PBXProject "ImageFeed" */ = {
			isa = XCConfigurationList;
			buildConfigurations = (
				79F5DD712A750173000224F2 /* Debug */,
				79F5DD722A750173000224F2 /* Release */,
			);
			defaultConfigurationIsVisible = 0;
			defaultConfigurationName = Release;
		};
		79F5DD732A750173000224F2 /* Build configuration list for PBXNativeTarget "ImageFeed" */ = {
			isa = XCConfigurationList;
			buildConfigurations = (
				79F5DD742A750173000224F2 /* Debug */,
				79F5DD752A750173000224F2 /* Release */,
			);
			defaultConfigurationIsVisible = 0;
			defaultConfigurationName = Release;
		};
		79F5DD762A750173000224F2 /* Build configuration list for PBXNativeTarget "ImageFeedTests" */ = {
			isa = XCConfigurationList;
			buildConfigurations = (
				79F5DD772A750173000224F2 /* Debug */,
				79F5DD782A750173000224F2 /* Release */,
			);
			defaultConfigurationIsVisible = 0;
			defaultConfigurationName = Release;
		};
		79F5DD792A750173000224F2 /* Build configuration list for PBXNativeTarget "ImageFeedUITests" */ = {
			isa = XCConfigurationList;
			buildConfigurations = (
				79F5DD7A2A750173000224F2 /* Debug */,
				79F5DD7B2A750173000224F2 /* Release */,
			);
			defaultConfigurationIsVisible = 0;
			defaultConfigurationName = Release;
		};
/* End XCConfigurationList section */

/* Begin XCRemoteSwiftPackageReference section */
		79AECB042AC88BC0009AA84B /* XCRemoteSwiftPackageReference "ProgressHUD" */ = {
			isa = XCRemoteSwiftPackageReference;
			repositoryURL = "https://github.com/relatedcode/ProgressHUD";
			requirement = {
				kind = upToNextMajorVersion;
				minimumVersion = 13.0.0;
			};
		};
/* End XCRemoteSwiftPackageReference section */

/* Begin XCSwiftPackageProductDependency section */
		79AECB052AC88BC0009AA84B /* ProgressHUD */ = {
			isa = XCSwiftPackageProductDependency;
			package = 79AECB042AC88BC0009AA84B /* XCRemoteSwiftPackageReference "ProgressHUD" */;
			productName = ProgressHUD;
		};
/* End XCSwiftPackageProductDependency section */
	};
	rootObject = 79F5DD412A750172000224F2 /* Project object */;
}
